
Microsoft Visual Studio Solution File, Format Version 12.00
# Visual Studio Version 17
VisualStudioVersion = 17.5.33530.505
MinimumVisualStudioVersion = 10.0.40219.1
Project("{FAE04EC0-301F-11D3-BF4B-00C04F79EFBC}") = "MiniBudgetApp", "MiniBudgetApp\MiniBudgetApp.csproj", "{FE8661A5-6703-4164-B059-4CCF41319537}"
EndProject
Global
	GlobalSection(SolutionConfigurationPlatforms) = preSolution
		Debug|Any CPU = Debug|Any CPU
		Release|Any CPU = Release|Any CPU
	EndGlobalSection
	GlobalSection(ProjectConfigurationPlatforms) = postSolution
		{FE8661A5-6703-4164-B059-4CCF41319537}.Debug|Any CPU.ActiveCfg = Debug|Any CPU
		{FE8661A5-6703-4164-B059-4CCF41319537}.Debug|Any CPU.Build.0 = Debug|Any CPU
		{FE8661A5-6703-4164-B059-4CCF41319537}.Release|Any CPU.ActiveCfg = Release|Any CPU
		{FE8661A5-6703-4164-B059-4CCF41319537}.Release|Any CPU.Build.0 = Release|Any CPU
	EndGlobalSection
	GlobalSection(SolutionProperties) = preSolution
		HideSolutionNode = FALSE
	EndGlobalSection
	GlobalSection(ExtensibilityGlobals) = postSolution
		SolutionGuid = {627D73AE-EA21-48CC-92AF-B18B0C1E845C}
	EndGlobalSection
EndGlobal
